// !$*UTF8*$!
{
	archiveVersion = 1;
	classes = {
	};
	objectVersion = 56;
	objects = {

/* Begin PBXBuildFile section */
		BF1090A829DF23E6007C8124 /* FirebaseAuth in Frameworks */ = {isa = PBXBuildFile; productRef = BF1090A729DF23E6007C8124 /* FirebaseAuth */; };
		BF1090AC29DF5A16007C8124 /* RegisterView.swift in Sources */ = {isa = PBXBuildFile; fileRef = BF1090AB29DF5A16007C8124 /* RegisterView.swift */; };
		BF1090AE29DF5F9E007C8124 /* CarsGrid.swift in Sources */ = {isa = PBXBuildFile; fileRef = BF1090AD29DF5F9E007C8124 /* CarsGrid.swift */; };
		BF1090B029E08BC9007C8124 /* CarCell.swift in Sources */ = {isa = PBXBuildFile; fileRef = BF1090AF29E08BC9007C8124 /* CarCell.swift */; };
		BF1090B429E08C0D007C8124 /* Car.swift in Sources */ = {isa = PBXBuildFile; fileRef = BF1090B329E08C0D007C8124 /* Car.swift */; };
		BF1090B829E44CCD007C8124 /* Route.swift in Sources */ = {isa = PBXBuildFile; fileRef = BF1090B729E44CCD007C8124 /* Route.swift */; };
		BF1090BA29E45C5E007C8124 /* LoginView.swift in Sources */ = {isa = PBXBuildFile; fileRef = BF1090B929E45C5E007C8124 /* LoginView.swift */; };
		BF4CBBA929DDBE6500EC5626 /* ServiceCalendarApp.swift in Sources */ = {isa = PBXBuildFile; fileRef = BF4CBBA829DDBE6500EC5626 /* ServiceCalendarApp.swift */; };
		BF4CBBAB29DDBE6500EC5626 /* ContentView.swift in Sources */ = {isa = PBXBuildFile; fileRef = BF4CBBAA29DDBE6500EC5626 /* ContentView.swift */; };
		BF4CBBAD29DDBE6700EC5626 /* Assets.xcassets in Resources */ = {isa = PBXBuildFile; fileRef = BF4CBBAC29DDBE6700EC5626 /* Assets.xcassets */; };
		BF4CBBB029DDBE6700EC5626 /* Preview Assets.xcassets in Resources */ = {isa = PBXBuildFile; fileRef = BF4CBBAF29DDBE6700EC5626 /* Preview Assets.xcassets */; };
		BF4CBBB929DF1DE700EC5626 /* GoogleService-Info.plist in Resources */ = {isa = PBXBuildFile; fileRef = BF4CBBB829DF1DE700EC5626 /* GoogleService-Info.plist */; };
/* End PBXBuildFile section */

/* Begin PBXFileReference section */
		BF1090AB29DF5A16007C8124 /* RegisterView.swift */ = {isa = PBXFileReference; lastKnownFileType = sourcecode.swift; path = RegisterView.swift; sourceTree = "<group>"; };
		BF1090AD29DF5F9E007C8124 /* CarsGrid.swift */ = {isa = PBXFileReference; lastKnownFileType = sourcecode.swift; path = CarsGrid.swift; sourceTree = "<group>"; };
		BF1090AF29E08BC9007C8124 /* CarCell.swift */ = {isa = PBXFileReference; lastKnownFileType = sourcecode.swift; path = CarCell.swift; sourceTree = "<group>"; };
		BF1090B329E08C0D007C8124 /* Car.swift */ = {isa = PBXFileReference; lastKnownFileType = sourcecode.swift; path = Car.swift; sourceTree = "<group>"; };
		BF1090B729E44CCD007C8124 /* Route.swift */ = {isa = PBXFileReference; lastKnownFileType = sourcecode.swift; path = Route.swift; sourceTree = "<group>"; };
		BF1090B929E45C5E007C8124 /* LoginView.swift */ = {isa = PBXFileReference; lastKnownFileType = sourcecode.swift; path = LoginView.swift; sourceTree = "<group>"; };
		BF4CBBA529DDBE6500EC5626 /* ServiceCalendar.app */ = {isa = PBXFileReference; explicitFileType = wrapper.application; includeInIndex = 0; path = ServiceCalendar.app; sourceTree = BUILT_PRODUCTS_DIR; };
		BF4CBBA829DDBE6500EC5626 /* ServiceCalendarApp.swift */ = {isa = PBXFileReference; lastKnownFileType = sourcecode.swift; path = ServiceCalendarApp.swift; sourceTree = "<group>"; };
		BF4CBBAA29DDBE6500EC5626 /* ContentView.swift */ = {isa = PBXFileReference; lastKnownFileType = sourcecode.swift; path = ContentView.swift; sourceTree = "<group>"; };
		BF4CBBAC29DDBE6700EC5626 /* Assets.xcassets */ = {isa = PBXFileReference; lastKnownFileType = folder.assetcatalog; path = Assets.xcassets; sourceTree = "<group>"; };
		BF4CBBAF29DDBE6700EC5626 /* Preview Assets.xcassets */ = {isa = PBXFileReference; lastKnownFileType = folder.assetcatalog; path = "Preview Assets.xcassets"; sourceTree = "<group>"; };
		BF4CBBB829DF1DE700EC5626 /* GoogleService-Info.plist */ = {isa = PBXFileReference; fileEncoding = 4; lastKnownFileType = text.plist.xml; path = "GoogleService-Info.plist"; sourceTree = "<group>"; };
/* End PBXFileReference section */

/* Begin PBXFrameworksBuildPhase section */
		BF4CBBA229DDBE6500EC5626 /* Frameworks */ = {
			isa = PBXFrameworksBuildPhase;
			buildActionMask = 2147483647;
			files = (
				BF1090A829DF23E6007C8124 /* FirebaseAuth in Frameworks */,
			);
			runOnlyForDeploymentPostprocessing = 0;
		};
/* End PBXFrameworksBuildPhase section */

/* Begin PBXGroup section */
		BF1090A629DF23E6007C8124 /* Frameworks */ = {
			isa = PBXGroup;
			children = (
			);
			name = Frameworks;
			sourceTree = "<group>";
		};
		BF1090B129E08BD8007C8124 /* View */ = {
			isa = PBXGroup;
			children = (
				BF4CBBA829DDBE6500EC5626 /* ServiceCalendarApp.swift */,
				BF4CBBAA29DDBE6500EC5626 /* ContentView.swift */,
				BF1090B929E45C5E007C8124 /* LoginView.swift */,
				BF1090AB29DF5A16007C8124 /* RegisterView.swift */,
				BF1090AD29DF5F9E007C8124 /* CarsGrid.swift */,
				BF1090AF29E08BC9007C8124 /* CarCell.swift */,
			);
			path = View;
			sourceTree = "<group>";
		};
		BF1090B229E08BE7007C8124 /* Model */ = {
			isa = PBXGroup;
			children = (
				BF1090B329E08C0D007C8124 /* Car.swift */,
				BF1090B729E44CCD007C8124 /* Route.swift */,
			);
			path = Model;
			sourceTree = "<group>";
		};
		BF4CBB9C29DDBE6500EC5626 = {
			isa = PBXGroup;
			children = (
				BF4CBBA729DDBE6500EC5626 /* ServiceCalendar */,
				BF4CBBA629DDBE6500EC5626 /* Products */,
				BF1090A629DF23E6007C8124 /* Frameworks */,
			);
			sourceTree = "<group>";
		};
		BF4CBBA629DDBE6500EC5626 /* Products */ = {
			isa = PBXGroup;
			children = (
				BF4CBBA529DDBE6500EC5626 /* ServiceCalendar.app */,
			);
			name = Products;
			sourceTree = "<group>";
		};
		BF4CBBA729DDBE6500EC5626 /* ServiceCalendar */ = {
			isa = PBXGroup;
			children = (
				BF1090B229E08BE7007C8124 /* Model */,
				BF1090B129E08BD8007C8124 /* View */,
				BF4CBBAC29DDBE6700EC5626 /* Assets.xcassets */,
				BF4CBBB829DF1DE700EC5626 /* GoogleService-Info.plist */,
				BF4CBBAE29DDBE6700EC5626 /* Preview Content */,
			);
			path = ServiceCalendar;
			sourceTree = "<group>";
		};
		BF4CBBAE29DDBE6700EC5626 /* Preview Content */ = {
			isa = PBXGroup;
			children = (
				BF4CBBAF29DDBE6700EC5626 /* Preview Assets.xcassets */,
			);
			path = "Preview Content";
			sourceTree = "<group>";
		};
/* End PBXGroup section */

/* Begin PBXNativeTarget section */
		BF4CBBA429DDBE6500EC5626 /* ServiceCalendar */ = {
			isa = PBXNativeTarget;
			buildConfigurationList = BF4CBBB329DDBE6700EC5626 /* Build configuration list for PBXNativeTarget "ServiceCalendar" */;
			buildPhases = (
				BF4CBBA129DDBE6500EC5626 /* Sources */,
				BF4CBBA229DDBE6500EC5626 /* Frameworks */,
				BF4CBBA329DDBE6500EC5626 /* Resources */,
			);
			buildRules = (
			);
			dependencies = (
				BF1090AA29DF23FD007C8124 /* PBXTargetDependency */,
			);
			name = ServiceCalendar;
			packageProductDependencies = (
				BF1090A729DF23E6007C8124 /* FirebaseAuth */,
			);
			productName = ServiceCalendar;
			productReference = BF4CBBA529DDBE6500EC5626 /* ServiceCalendar.app */;
			productType = "com.apple.product-type.application";
		};
/* End PBXNativeTarget section */

/* Begin PBXProject section */
		BF4CBB9D29DDBE6500EC5626 /* Project object */ = {
			isa = PBXProject;
			attributes = {
				BuildIndependentTargetsInParallel = 1;
				LastSwiftUpdateCheck = 1400;
				LastUpgradeCheck = 1400;
				TargetAttributes = {
					BF4CBBA429DDBE6500EC5626 = {
						CreatedOnToolsVersion = 14.0.1;
					};
				};
			};
			buildConfigurationList = BF4CBBA029DDBE6500EC5626 /* Build configuration list for PBXProject "ServiceCalendar" */;
			compatibilityVersion = "Xcode 14.0";
			developmentRegion = en;
			hasScannedForEncodings = 0;
			knownRegions = (
				en,
				Base,
			);
			mainGroup = BF4CBB9C29DDBE6500EC5626;
			packageReferences = (
				BF4CBBBA29DF1E4D00EC5626 /* XCRemoteSwiftPackageReference "firebase-ios-sdk" */,
			);
			productRefGroup = BF4CBBA629DDBE6500EC5626 /* Products */;
			projectDirPath = "";
			projectRoot = "";
			targets = (
				BF4CBBA429DDBE6500EC5626 /* ServiceCalendar */,
			);
		};
/* End PBXProject section */

/* Begin PBXResourcesBuildPhase section */
		BF4CBBA329DDBE6500EC5626 /* Resources */ = {
			isa = PBXResourcesBuildPhase;
			buildActionMask = 2147483647;
			files = (
				BF4CBBB029DDBE6700EC5626 /* Preview Assets.xcassets in Resources */,
				BF4CBBAD29DDBE6700EC5626 /* Assets.xcassets in Resources */,
				BF4CBBB929DF1DE700EC5626 /* GoogleService-Info.plist in Resources */,
			);
			runOnlyForDeploymentPostprocessing = 0;
		};
/* End PBXResourcesBuildPhase section */

/* Begin PBXSourcesBuildPhase section */
		BF4CBBA129DDBE6500EC5626 /* Sources */ = {
			isa = PBXSourcesBuildPhase;
			buildActionMask = 2147483647;
			files = (
				BF1090AC29DF5A16007C8124 /* RegisterView.swift in Sources */,
				BF1090AE29DF5F9E007C8124 /* CarsGrid.swift in Sources */,
				BF1090B429E08C0D007C8124 /* Car.swift in Sources */,
				BF4CBBAB29DDBE6500EC5626 /* ContentView.swift in Sources */,
				BF1090B029E08BC9007C8124 /* CarCell.swift in Sources */,
				BF1090B829E44CCD007C8124 /* Route.swift in Sources */,
				BF1090BA29E45C5E007C8124 /* LoginView.swift in Sources */,
				BF4CBBA929DDBE6500EC5626 /* ServiceCalendarApp.swift in Sources */,
			);
			runOnlyForDeploymentPostprocessing = 0;
		};
/* End PBXSourcesBuildPhase section */

/* Begin PBXTargetDependency section */
		BF1090AA29DF23FD007C8124 /* PBXTargetDependency */ = {
			isa = PBXTargetDependency;
			productRef = BF1090A929DF23FD007C8124 /* FirebaseAuth */;
		};
/* End PBXTargetDependency section */

/* Begin XCBuildConfiguration section */
		BF4CBBB129DDBE6700EC5626 /* Debug */ = {
			isa = XCBuildConfiguration;
			buildSettings = {
				ALWAYS_SEARCH_USER_PATHS = NO;
				CLANG_ANALYZER_NONNULL = YES;
				CLANG_ANALYZER_NUMBER_OBJECT_CONVERSION = YES_AGGRESSIVE;
				CLANG_CXX_LANGUAGE_STANDARD = "gnu++20";
				CLANG_ENABLE_MODULES = YES;
				CLANG_ENABLE_OBJC_ARC = YES;
				CLANG_ENABLE_OBJC_WEAK = YES;
				CLANG_WARN_BLOCK_CAPTURE_AUTORELEASING = YES;
				CLANG_WARN_BOOL_CONVERSION = YES;
				CLANG_WARN_COMMA = YES;
				CLANG_WARN_CONSTANT_CONVERSION = YES;
				CLANG_WARN_DEPRECATED_OBJC_IMPLEMENTATIONS = YES;
				CLANG_WARN_DIRECT_OBJC_ISA_USAGE = YES_ERROR;
				CLANG_WARN_DOCUMENTATION_COMMENTS = YES;
				CLANG_WARN_EMPTY_BODY = YES;
				CLANG_WARN_ENUM_CONVERSION = YES;
				CLANG_WARN_INFINITE_RECURSION = YES;
				CLANG_WARN_INT_CONVERSION = YES;
				CLANG_WARN_NON_LITERAL_NULL_CONVERSION = YES;
				CLANG_WARN_OBJC_IMPLICIT_RETAIN_SELF = YES;
				CLANG_WARN_OBJC_LITERAL_CONVERSION = YES;
				CLANG_WARN_OBJC_ROOT_CLASS = YES_ERROR;
				CLANG_WARN_QUOTED_INCLUDE_IN_FRAMEWORK_HEADER = YES;
				CLANG_WARN_RANGE_LOOP_ANALYSIS = YES;
				CLANG_WARN_STRICT_PROTOTYPES = YES;
				CLANG_WARN_SUSPICIOUS_MOVE = YES;
				CLANG_WARN_UNGUARDED_AVAILABILITY = YES_AGGRESSIVE;
				CLANG_WARN_UNREACHABLE_CODE = YES;
				CLANG_WARN__DUPLICATE_METHOD_MATCH = YES;
				COPY_PHASE_STRIP = NO;
				DEBUG_INFORMATION_FORMAT = dwarf;
				ENABLE_STRICT_OBJC_MSGSEND = YES;
				ENABLE_TESTABILITY = YES;
				GCC_C_LANGUAGE_STANDARD = gnu11;
				GCC_DYNAMIC_NO_PIC = NO;
				GCC_NO_COMMON_BLOCKS = YES;
				GCC_OPTIMIZATION_LEVEL = 0;
				GCC_PREPROCESSOR_DEFINITIONS = (
					"DEBUG=1",
					"$(inherited)",
				);
				GCC_WARN_64_TO_32_BIT_CONVERSION = YES;
				GCC_WARN_ABOUT_RETURN_TYPE = YES_ERROR;
				GCC_WARN_UNDECLARED_SELECTOR = YES;
				GCC_WARN_UNINITIALIZED_AUTOS = YES_AGGRESSIVE;
				GCC_WARN_UNUSED_FUNCTION = YES;
				GCC_WARN_UNUSED_VARIABLE = YES;
				IPHONEOS_DEPLOYMENT_TARGET = 16.0;
				MTL_ENABLE_DEBUG_INFO = INCLUDE_SOURCE;
				MTL_FAST_MATH = YES;
				ONLY_ACTIVE_ARCH = YES;
				SDKROOT = iphoneos;
				SWIFT_ACTIVE_COMPILATION_CONDITIONS = DEBUG;
				SWIFT_OPTIMIZATION_LEVEL = "-Onone";
			};
			name = Debug;
		};
		BF4CBBB229DDBE6700EC5626 /* Release */ = {
			isa = XCBuildConfiguration;
			buildSettings = {
				ALWAYS_SEARCH_USER_PATHS = NO;
				CLANG_ANALYZER_NONNULL = YES;
				CLANG_ANALYZER_NUMBER_OBJECT_CONVERSION = YES_AGGRESSIVE;
				CLANG_CXX_LANGUAGE_STANDARD = "gnu++20";
				CLANG_ENABLE_MODULES = YES;
				CLANG_ENABLE_OBJC_ARC = YES;
				CLANG_ENABLE_OBJC_WEAK = YES;
				CLANG_WARN_BLOCK_CAPTURE_AUTORELEASING = YES;
				CLANG_WARN_BOOL_CONVERSION = YES;
				CLANG_WARN_COMMA = YES;
				CLANG_WARN_CONSTANT_CONVERSION = YES;
				CLANG_WARN_DEPRECATED_OBJC_IMPLEMENTATIONS = YES;
				CLANG_WARN_DIRECT_OBJC_ISA_USAGE = YES_ERROR;
				CLANG_WARN_DOCUMENTATION_COMMENTS = YES;
				CLANG_WARN_EMPTY_BODY = YES;
				CLANG_WARN_ENUM_CONVERSION = YES;
				CLANG_WARN_INFINITE_RECURSION = YES;
				CLANG_WARN_INT_CONVERSION = YES;
				CLANG_WARN_NON_LITERAL_NULL_CONVERSION = YES;
				CLANG_WARN_OBJC_IMPLICIT_RETAIN_SELF = YES;
				CLANG_WARN_OBJC_LITERAL_CONVERSION = YES;
				CLANG_WARN_OBJC_ROOT_CLASS = YES_ERROR;
				CLANG_WARN_QUOTED_INCLUDE_IN_FRAMEWORK_HEADER = YES;
				CLANG_WARN_RANGE_LOOP_ANALYSIS = YES;
				CLANG_WARN_STRICT_PROTOTYPES = YES;
				CLANG_WARN_SUSPICIOUS_MOVE = YES;
				CLANG_WARN_UNGUARDED_AVAILABILITY = YES_AGGRESSIVE;
				CLANG_WARN_UNREACHABLE_CODE = YES;
				CLANG_WARN__DUPLICATE_METHOD_MATCH = YES;
				COPY_PHASE_STRIP = NO;
				DEBUG_INFORMATION_FORMAT = "dwarf-with-dsym";
				ENABLE_NS_ASSERTIONS = NO;
				ENABLE_STRICT_OBJC_MSGSEND = YES;
				GCC_C_LANGUAGE_STANDARD = gnu11;
				GCC_NO_COMMON_BLOCKS = YES;
				GCC_WARN_64_TO_32_BIT_CONVERSION = YES;
				GCC_WARN_ABOUT_RETURN_TYPE = YES_ERROR;
				GCC_WARN_UNDECLARED_SELECTOR = YES;
				GCC_WARN_UNINITIALIZED_AUTOS = YES_AGGRESSIVE;
				GCC_WARN_UNUSED_FUNCTION = YES;
				GCC_WARN_UNUSED_VARIABLE = YES;
				IPHONEOS_DEPLOYMENT_TARGET = 16.0;
				MTL_ENABLE_DEBUG_INFO = NO;
				MTL_FAST_MATH = YES;
				SDKROOT = iphoneos;
				SWIFT_COMPILATION_MODE = wholemodule;
				SWIFT_OPTIMIZATION_LEVEL = "-O";
				VALIDATE_PRODUCT = YES;
			};
			name = Release;
		};
		BF4CBBB429DDBE6700EC5626 /* Debug */ = {
			isa = XCBuildConfiguration;
			buildSettings = {
				ASSETCATALOG_COMPILER_APPICON_NAME = AppIcon;
				ASSETCATALOG_COMPILER_GLOBAL_ACCENT_COLOR_NAME = AccentColor;
				CODE_SIGN_STYLE = Automatic;
				CURRENT_PROJECT_VERSION = 1;
				DEVELOPMENT_ASSET_PATHS = "\"ServiceCalendar/Preview Content\"";
				DEVELOPMENT_TEAM = HGNXB64TGD;
				ENABLE_PREVIEWS = YES;
				GENERATE_INFOPLIST_FILE = YES;
				INFOPLIST_KEY_UIApplicationSceneManifest_Generation = YES;
				INFOPLIST_KEY_UIApplicationSupportsIndirectInputEvents = YES;
				INFOPLIST_KEY_UILaunchScreen_Generation = YES;
				INFOPLIST_KEY_UISupportedInterfaceOrientations_iPad = "UIInterfaceOrientationPortrait UIInterfaceOrientationPortraitUpsideDown UIInterfaceOrientationLandscapeLeft UIInterfaceOrientationLandscapeRight";
				INFOPLIST_KEY_UISupportedInterfaceOrientations_iPhone = "UIInterfaceOrientationPortrait UIInterfaceOrientationLandscapeLeft UIInterfaceOrientationLandscapeRight";
				LD_RUNPATH_SEARCH_PATHS = (
					"$(inherited)",
					"@executable_path/Frameworks",
				);
				MARKETING_VERSION = 1.0;
				PRODUCT_BUNDLE_IDENTIFIER = mmg.ServiceCalendar;
				PRODUCT_NAME = "$(TARGET_NAME)";
				SWIFT_EMIT_LOC_STRINGS = YES;
				SWIFT_VERSION = 5.0;
				TARGETED_DEVICE_FAMILY = "1,2";
			};
			name = Debug;
		};
		BF4CBBB529DDBE6700EC5626 /* Release */ = {
			isa = XCBuildConfiguration;
			buildSettings = {
				ASSETCATALOG_COMPILER_APPICON_NAME = AppIcon;
				ASSETCATALOG_COMPILER_GLOBAL_ACCENT_COLOR_NAME = AccentColor;
				CODE_SIGN_STYLE = Automatic;
				CURRENT_PROJECT_VERSION = 1;
				DEVELOPMENT_ASSET_PATHS = "\"ServiceCalendar/Preview Content\"";
				DEVELOPMENT_TEAM = HGNXB64TGD;
				ENABLE_PREVIEWS = YES;
				GENERATE_INFOPLIST_FILE = YES;
				INFOPLIST_KEY_UIApplicationSceneManifest_Generation = YES;
				INFOPLIST_KEY_UIApplicationSupportsIndirectInputEvents = YES;
				INFOPLIST_KEY_UILaunchScreen_Generation = YES;
				INFOPLIST_KEY_UISupportedInterfaceOrientations_iPad = "UIInterfaceOrientationPortrait UIInterfaceOrientationPortraitUpsideDown UIInterfaceOrientationLandscapeLeft UIInterfaceOrientationLandscapeRight";
				INFOPLIST_KEY_UISupportedInterfaceOrientations_iPhone = "UIInterfaceOrientationPortrait UIInterfaceOrientationLandscapeLeft UIInterfaceOrientationLandscapeRight";
				LD_RUNPATH_SEARCH_PATHS = (
					"$(inherited)",
					"@executable_path/Frameworks",
				);
				MARKETING_VERSION = 1.0;
				PRODUCT_BUNDLE_IDENTIFIER = mmg.ServiceCalendar;
				PRODUCT_NAME = "$(TARGET_NAME)";
				SWIFT_EMIT_LOC_STRINGS = YES;
				SWIFT_VERSION = 5.0;
				TARGETED_DEVICE_FAMILY = "1,2";
			};
			name = Release;
		};
/* End XCBuildConfiguration section */

/* Begin XCConfigurationList section */
		BF4CBBA029DDBE6500EC5626 /* Build configuration list for PBXProject "ServiceCalendar" */ = {
			isa = XCConfigurationList;
			buildConfigurations = (
				BF4CBBB129DDBE6700EC5626 /* Debug */,
				BF4CBBB229DDBE6700EC5626 /* Release */,
			);
			defaultConfigurationIsVisible = 0;
			defaultConfigurationName = Release;
		};
		BF4CBBB329DDBE6700EC5626 /* Build configuration list for PBXNativeTarget "ServiceCalendar" */ = {
			isa = XCConfigurationList;
			buildConfigurations = (
				BF4CBBB429DDBE6700EC5626 /* Debug */,
				BF4CBBB529DDBE6700EC5626 /* Release */,
			);
			defaultConfigurationIsVisible = 0;
			defaultConfigurationName = Release;
		};
/* End XCConfigurationList section */

/* Begin XCRemoteSwiftPackageReference section */
		BF4CBBBA29DF1E4D00EC5626 /* XCRemoteSwiftPackageReference "firebase-ios-sdk" */ = {
			isa = XCRemoteSwiftPackageReference;
			repositoryURL = "https://github.com/firebase/firebase-ios-sdk.git";
			requirement = {
				kind = upToNextMajorVersion;
				minimumVersion = 9.0.0;
			};
		};
/* End XCRemoteSwiftPackageReference section */

/* Begin XCSwiftPackageProductDependency section */
		BF1090A729DF23E6007C8124 /* FirebaseAuth */ = {
			isa = XCSwiftPackageProductDependency;
			package = BF4CBBBA29DF1E4D00EC5626 /* XCRemoteSwiftPackageReference "firebase-ios-sdk" */;
			productName = FirebaseAuth;
		};
		BF1090A929DF23FD007C8124 /* FirebaseAuth */ = {
			isa = XCSwiftPackageProductDependency;
			package = BF4CBBBA29DF1E4D00EC5626 /* XCRemoteSwiftPackageReference "firebase-ios-sdk" */;
			productName = FirebaseAuth;
		};
/* End XCSwiftPackageProductDependency section */
	};
	rootObject = BF4CBB9D29DDBE6500EC5626 /* Project object */;
}
